dependencies:
- name: mongodb
  repository: oci://registry-1.docker.io/bitnamicharts
  version: 14.13.0
- name: rabbitmq
  repository: oci://registry-1.docker.io/bitnamicharts
  version: 14.7.0
- name: keycloak
  repository: oci://registry-1.docker.io/bitnamicharts
  version: 16.1.7
- name: common
  repository: oci://registry-1.docker.io/bitnamicharts
  version: 2.37.0
digest: sha256:6a1b3c953d190ce8161d291680a1efed4e61d18e537e2ac543127f52cf159669
generated: "2026-03-28T15:35:21.40194+02:00"
