dependencies:
- name: mongodb
  repository: oci://registry-1.docker.io/bitnamicharts
  version: 14.13.0
- name: rabbitmq
  repository: oci://registry-1.docker.io/bitnamicharts
  version: 14.7.0
- name: keycloak
  repository: oci://registry-1.docker.io/bitnamicharts
  version: 16.1.7
- name: common
  repository: oci://registry-1.docker.io/bitnamicharts
  version: 2.31.4
digest: sha256:0ec9f8348198ca03ebc9d4171732177b9da9a4375b01ec2cbf40d4411bd5f92b
generated: "2025-11-20T17:55:19.83914+02:00"
